// !$*UTF8*$!
{
	archiveVersion = 1;
	classes = {
	};
	objectVersion = 46;
	objects = {

/* Begin PBXBuildFile section */
		DF8A91B81BDF68B6009A0DE7 /* main.c in Sources */ = {isa = PBXBuildFile; fileRef = DF8A91B71BDF68B6009A0DE7 /* main.c */; };
/* End PBXBuildFile section */

/* Begin PBXCopyFilesBuildPhase section */
		DF8A91B21BDF68B6009A0DE7 /* CopyFiles */ = {
			isa = PBXCopyFilesBuildPhase;
			buildActionMask = 2147483647;
			dstPath = /usr/share/man/man1/;
			dstSubfolderSpec = 0;
			files = (
			);
			runOnlyForDeploymentPostprocessing = 1;
		};
/* End PBXCopyFilesBuildPhase section */

/* Begin PBXFileReference section */
		DF8A91B41BDF68B6009A0DE7 /* Primfaktorzerlegung */ = {isa = PBXFileReference; explicitFileType = "compiled.mach-o.executable"; includeInIndex = 0; path = Primfaktorzerlegung; sourceTree = BUILT_PRODUCTS_DIR; };
		DF8A91B71BDF68B6009A0DE7 /* main.c */ = {isa = PBXFileReference; lastKnownFileType = sourcecode.c.c; path = main.c; sourceTree = "<group>"; };
/* End PBXFileReference section */

/* Begin PBXFrameworksBuildPhase section */
		DF8A91B11BDF68B6009A0DE7 /* Frameworks */ = {
			isa = PBXFrameworksBuildPhase;
			buildActionMask = 2147483647;
			files = (
			);
			runOnlyForDeploymentPostprocessing = 0;
		};
/* End PBXFrameworksBuildPhase section */

/* Begin PBXGroup section */
		DF8A91AB1BDF68B6009A0DE7 = {
			isa = PBXGroup;
			children = (
				DF8A91B61BDF68B6009A0DE7 /* Primfaktorzerlegung */,
				DF8A91B51BDF68B6009A0DE7 /* Products */,
			);
			sourceTree = "<group>";
		};
		DF8A91B51BDF68B6009A0DE7 /* Products */ = {
			isa = PBXGroup;
			children = (
				DF8A91B41BDF68B6009A0DE7 /* Primfaktorzerlegung */,
			);
			name = Products;
			sourceTree = "<group>";
		};
		DF8A91B61BDF68B6009A0DE7 /* Primfaktorzerlegung */ = {
			isa = PBXGroup;
			children = (
				DF8A91B71BDF68B6009A0DE7 /* main.c */,
			);
			path = Primfaktorzerlegung;
			sourceTree = "<group>";
		};
/* End PBXGroup section */

/* Begin PBXNativeTarget section */
		DF8A91B31BDF68B6009A0DE7 /* Primfaktorzerlegung */ = {
			isa = PBXNativeTarget;
			buildConfigurationList = DF8A91BB1BDF68B6009A0DE7 /* Build configuration list for PBXNativeTarget "Primfaktorzerlegung" */;
			buildPhases = (
				DF8A91B01BDF68B6009A0DE7 /* Sources */,
				DF8A91B11BDF68B6009A0DE7 /* Frameworks */,
				DF8A91B21BDF68B6009A0DE7 /* CopyFiles */,
			);
			buildRules = (
			);
			dependencies = (
			);
			name = Primfaktorzerlegung;
			productName = Primfaktorzerlegung;
			productReference = DF8A91B41BDF68B6009A0DE7 /* Primfaktorzerlegung */;
			productType = "com.apple.product-type.tool";
		};
/* End PBXNativeTarget section */

/* Begin PBXProject section */
		DF8A91AC1BDF68B6009A0DE7 /* Project object */ = {
			isa = PBXProject;
			attributes = {
				LastUpgradeCheck = 0710;
				ORGANIZATIONNAME = HILLETECH;
				TargetAttributes = {
					DF8A91B31BDF68B6009A0DE7 = {
						CreatedOnToolsVersion = 7.1;
					};
				};
			};
			buildConfigurationList = DF8A91AF1BDF68B6009A0DE7 /* Build configuration list for PBXProject "Primfaktorzerlegung" */;
			compatibilityVersion = "Xcode 3.2";
			developmentRegion = English;
			hasScannedForEncodings = 0;
			knownRegions = (
				en,
			);
			mainGroup = DF8A91AB1BDF68B6009A0DE7;
			productRefGroup = DF8A91B51BDF68B6009A0DE7 /* Products */;
			projectDirPath = "";
			projectRoot = "";
			targets = (
				DF8A91B31BDF68B6009A0DE7 /* Primfaktorzerlegung */,
			);
		};
/* End PBXProject section */

/* Begin PBXSourcesBuildPhase section */
		DF8A91B01BDF68B6009A0DE7 /* Sources */ = {
			isa = PBXSourcesBuildPhase;
			buildActionMask = 2147483647;
			files = (
				DF8A91B81BDF68B6009A0DE7 /* main.c in Sources */,
			);
			runOnlyForDeploymentPostprocessing = 0;
		};
/* End PBXSourcesBuildPhase section */

/* Begin XCBuildConfiguration section */
		DF8A91B91BDF68B6009A0DE7 /* Debug */ = {
			isa = XCBuildConfiguration;
			buildSettings = {
				ALWAYS_SEARCH_USER_PATHS = NO;
				CLANG_CXX_LANGUAGE_STANDARD = "gnu++0x";
				CLANG_CXX_LIBRARY = "libc++";
				CLANG_ENABLE_MODULES = YES;
				CLANG_ENABLE_OBJC_ARC = YES;
				CLANG_WARN_BOOL_CONVERSION = YES;
				CLANG_WARN_CONSTANT_CONVERSION = YES;
				CLANG_WARN_DIRECT_OBJC_ISA_USAGE = YES_ERROR;
				CLANG_WARN_EMPTY_BODY = YES;
				CLANG_WARN_ENUM_CONVERSION = YES;
				CLANG_WARN_INT_CONVERSION = YES;
				CLANG_WARN_OBJC_ROOT_CLASS = YES_ERROR;
				CLANG_WARN_UNREACHABLE_CODE = YES;
				CLANG_WARN__DUPLICATE_METHOD_MATCH = YES;
				CODE_SIGN_IDENTITY = "-";
				COPY_PHASE_STRIP = NO;
				DEBUG_INFORMATION_FORMAT = dwarf;
				ENABLE_STRICT_OBJC_MSGSEND = YES;
				ENABLE_TESTABILITY = YES;
				GCC_C_LANGUAGE_STANDARD = gnu99;
				GCC_DYNAMIC_NO_PIC = NO;
				GCC_NO_COMMON_BLOCKS = YES;
				GCC_OPTIMIZATION_LEVEL = 0;
				GCC_PREPROCESSOR_DEFINITIONS = (
					"DEBUG=1",
					"$(inherited)",
				);
				GCC_WARN_64_TO_32_BIT_CONVERSION = YES;
				GCC_WARN_ABOUT_RETURN_TYPE = YES_ERROR;
				GCC_WARN_UNDECLARED_SELECTOR = YES;
				GCC_WARN_UNINITIALIZED_AUTOS = YES_AGGRESSIVE;
				GCC_WARN_UNUSED_FUNCTION = YES;
				GCC_WARN_UNUSED_VARIABLE = YES;
				MACOSX_DEPLOYMENT_TARGET = 10.11;
				MTL_ENABLE_DEBUG_INFO = YES;
				ONLY_ACTIVE_ARCH = YES;
				SDKROOT = macosx;
			};
			name = Debug;
		};
		DF8A91BA1BDF68B6009A0DE7 /* Release */ = {
			isa = XCBuildConfiguration;
			buildSettings = {
				ALWAYS_SEARCH_USER_PATHS = NO;
				CLANG_CXX_LANGUAGE_STANDARD = "gnu++0x";
				CLANG_CXX_LIBRARY = "libc++";
				CLANG_ENABLE_MODULES = YES;
				CLANG_ENABLE_OBJC_ARC = YES;
				CLANG_WARN_BOOL_CONVERSION = YES;
				CLANG_WARN_CONSTANT_CONVERSION = YES;
				CLANG_WARN_DIRECT_OBJC_ISA_USAGE = YES_ERROR;
				CLANG_WARN_EMPTY_BODY = YES;
				CLANG_WARN_ENUM_CONVERSION = YES;
				CLANG_WARN_INT_CONVERSION = YES;
				CLANG_WARN_OBJC_ROOT_CLASS = YES_ERROR;
				CLANG_WARN_UNREACHABLE_CODE = YES;
				CLANG_WARN__DUPLICATE_METHOD_MATCH = YES;
				CODE_SIGN_IDENTITY = "-";
				COPY_PHASE_STRIP = NO;
				DEBUG_INFORMATION_FORMAT = "dwarf-with-dsym";
				ENABLE_NS_ASSERTIONS = NO;
				ENABLE_STRICT_OBJC_MSGSEND = YES;
				GCC_C_LANGUAGE_STANDARD = gnu99;
				GCC_NO_COMMON_BLOCKS = YES;
				GCC_WARN_64_TO_32_BIT_CONVERSION = YES;
				GCC_WARN_ABOUT_RETURN_TYPE = YES_ERROR;
				GCC_WARN_UNDECLARED_SELECTOR = YES;
				GCC_WARN_UNINITIALIZED_AUTOS = YES_AGGRESSIVE;
				GCC_WARN_UNUSED_FUNCTION = YES;
				GCC_WARN_UNUSED_VARIABLE = YES;
				MACOSX_DEPLOYMENT_TARGET = 10.11;
				MTL_ENABLE_DEBUG_INFO = NO;
				SDKROOT = macosx;
			};
			name = Release;
		};
		DF8A91BC1BDF68B6009A0DE7 /* Debug */ = {
			isa = XCBuildConfiguration;
			buildSettings = {
				PRODUCT_NAME = "$(TARGET_NAME)";
			};
			name = Debug;
		};
		DF8A91BD1BDF68B6009A0DE7 /* Release */ = {
			isa = XCBuildConfiguration;
			buildSettings = {
				PRODUCT_NAME = "$(TARGET_NAME)";
			};
			name = Release;
		};
/* End XCBuildConfiguration section */

/* Begin XCConfigurationList section */
		DF8A91AF1BDF68B6009A0DE7 /* Build configuration list for PBXProject "Primfaktorzerlegung" */ = {
			isa = XCConfigurationList;
			buildConfigurations = (
				DF8A91B91BDF68B6009A0DE7 /* Debug */,
				DF8A91BA1BDF68B6009A0DE7 /* Release */,
			);
			defaultConfigurationIsVisible = 0;
			defaultConfigurationName = Release;
		};
		DF8A91BB1BDF68B6009A0DE7 /* Build configuration list for PBXNativeTarget "Primfaktorzerlegung" */ = {
			isa = XCConfigurationList;
			buildConfigurations = (
				DF8A91BC1BDF68B6009A0DE7 /* Debug */,
				DF8A91BD1BDF68B6009A0DE7 /* Release */,
			);
			defaultConfigurationIsVisible = 0;
			defaultConfigurationName = Release;
		};
/* End XCConfigurationList section */
	};
	rootObject = DF8A91AC1BDF68B6009A0DE7 /* Project object */;
}
